
Microsoft Visual Studio Solution File, Format Version 12.00
# Visual Studio Version 17
VisualStudioVersion = 17.6.33829.357
MinimumVisualStudioVersion = 10.0.40219.1
Project("{FAE04EC0-301F-11D3-BF4B-00C04F79EFBC}") = "DataSaveService", "DataSaveService\DataSaveService.csproj", "{D9BFB1D5-2248-411A-90F1-EE0B7AB15505}"
EndProject
Global
	GlobalSection(SolutionConfigurationPlatforms) = preSolution
		Debug|Any CPU = Debug|Any CPU
		Release|Any CPU = Release|Any CPU
	EndGlobalSection
	GlobalSection(ProjectConfigurationPlatforms) = postSolution
		{D9BFB1D5-2248-411A-90F1-EE0B7AB15505}.Debug|Any CPU.ActiveCfg = Debug|Any CPU
		{D9BFB1D5-2248-411A-90F1-EE0B7AB15505}.Debug|Any CPU.Build.0 = Debug|Any CPU
		{D9BFB1D5-2248-411A-90F1-EE0B7AB15505}.Release|Any CPU.ActiveCfg = Release|Any CPU
		{D9BFB1D5-2248-411A-90F1-EE0B7AB15505}.Release|Any CPU.Build.0 = Release|Any CPU
	EndGlobalSection
	GlobalSection(SolutionProperties) = preSolution
		HideSolutionNode = FALSE
	EndGlobalSection
	GlobalSection(ExtensibilityGlobals) = postSolution
		SolutionGuid = {4FAD4AFE-D14B-4B59-9ED3-85C497DCF88E}
	EndGlobalSection
EndGlobal
